{
  "nodes": {
    "fenix": {
      "inputs": {
        "nixpkgs": [
          "nixpkgs"
        ],
        "rust-analyzer-src": "rust-analyzer-src"
      },
      "locked": {
        "lastModified": 1778748763,
        "narHash": "sha256-x4dC4C/GtyOGlgIAPml8SfXeHwLkG/66r7zk7ueL0OM=",
        "owner": "nix-community",
        "repo": "fenix",
        "rev": "67a701a5cb6507815a33d8f7b3466c78a7d724e7",
        "type": "github"
      },
      "original": {
        "owner": "nix-community",
        "repo": "fenix",
        "type": "github"
      }
    },
    "flake-compat": {
      "flake": false,
      "locked": {
        "lastModified": 1767039857,
        "narHash": "sha256-vNpUSpF5Nuw8xvDLj2KCwwksIbjua2LZCqhV1LNRDns=",
        "owner": "NixOS",
        "repo": "flake-compat",
        "rev": "5edf11c44bc78a0d334f6334cdaf7d60d732daab",
        "type": "github"
      },
      "original": {
        "owner": "NixOS",
        "repo": "flake-compat",
        "type": "github"
      }
    },
    "mixos": {
      "inputs": {
        "flake-compat": "flake-compat",
        "nixpkgs": [
          "nixpkgs"
        ]
      },
      "locked": {
        "lastModified": 1777415132,
        "narHash": "sha256-BDzsojM8zkyErCroyIiGXTYdGMeku3Igj3yPfG8/J8s=",
        "owner": "jmbaur",
        "repo": "mixos",
        "rev": "187ba4023bc27a094097ac71089ca297290ef672",
        "type": "github"
      },
      "original": {
        "owner": "jmbaur",
        "repo": "mixos",
        "type": "github"
      }
    },
    "nixpkgs": {
      "locked": {
        "lastModified": 1778796133,
        "narHash": "sha256-g4vNiKFr+tfsdtwPKb89+5hayAJSFrGsxyOYf21f9m4=",
        "owner": "NixOS",
        "repo": "nixpkgs",
        "rev": "503504ad2d361f6acba7fdad2cbf0869321871aa",
        "type": "github"
      },
      "original": {
        "owner": "NixOS",
        "ref": "release-25.11",
        "repo": "nixpkgs",
        "type": "github"
      }
    },
    "root": {
      "inputs": {
        "fenix": "fenix",
        "mixos": "mixos",
        "nixpkgs": "nixpkgs"
      }
    },
    "rust-analyzer-src": {
      "flake": false,
      "locked": {
        "lastModified": 1778703600,
        "narHash": "sha256-EpgXYEuDyqWKcyhO4EP/nRY+7ZnQwNDBYMVb/k06ME4=",
        "owner": "rust-lang",
        "repo": "rust-analyzer",
        "rev": "77db6109f0952f64ffc94d2e4215aa20b3d703bf",
        "type": "github"
      },
      "original": {
        "owner": "rust-lang",
        "ref": "nightly",
        "repo": "rust-analyzer",
        "type": "github"
      }
    }
  },
  "root": "root",
  "version": 7
}
